
Microsoft Visual Studio Solution File, Format Version 12.00
# Visual Studio Version 17
VisualStudioVersion = 17.12.35707.178
MinimumVisualStudioVersion = 10.0.40219.1
Project("{FAE04EC0-301F-11D3-BF4B-00C04F79EFBC}") = "Largest Rectangle", "Largest Rectangle\Largest Rectangle.csproj", "{81746D87-6DBA-4D8E-9512-006784FE3B9B}"
EndProject
Project("{FAE04EC0-301F-11D3-BF4B-00C04F79EFBC}") = "Simple Text Editor", "Simple Text Editor\Simple Text Editor.csproj", "{1A8F6025-417E-488C-A06C-2B9602B30851}"
EndProject
Project("{FAE04EC0-301F-11D3-BF4B-00C04F79EFBC}") = "Poisonous Plants", "Poisonous Plants\Poisonous Plants.csproj", "{034D4F33-1F66-4E38-A7EE-D8FD958A80D3}"
EndProject
Project("{FAE04EC0-301F-11D3-BF4B-00C04F79EFBC}") = "AND xor OR", "AND xor OR\AND xor OR.csproj", "{3FD3DB81-BD2B-4FF1-9CB8-F08927BB3912}"
EndProject
Project("{FAE04EC0-301F-11D3-BF4B-00C04F79EFBC}") = "Maximum Element", "Maximum Element\Maximum Element.csproj", "{1686EE52-2C70-4EFE-89C2-F26C80DC25D1}"
EndProject
Project("{FAE04EC0-301F-11D3-BF4B-00C04F79EFBC}") = "Balanced Brackets", "Balanced Brackets\Balanced Brackets.csproj", "{13FF23E0-913B-40FB-87CB-A343D09E893C}"
EndProject
Project("{FAE04EC0-301F-11D3-BF4B-00C04F79EFBC}") = "Equal Stacks", "Equal Stacks\Equal Stacks.csproj", "{83425574-43A2-4EEC-AE06-40F2C553C719}"
EndProject
Global
	GlobalSection(SolutionConfigurationPlatforms) = preSolution
		Debug|Any CPU = Debug|Any CPU
		Release|Any CPU = Release|Any CPU
	EndGlobalSection
	GlobalSection(ProjectConfigurationPlatforms) = postSolution
		{81746D87-6DBA-4D8E-9512-006784FE3B9B}.Debug|Any CPU.ActiveCfg = Debug|Any CPU
		{81746D87-6DBA-4D8E-9512-006784FE3B9B}.Debug|Any CPU.Build.0 = Debug|Any CPU
		{81746D87-6DBA-4D8E-9512-006784FE3B9B}.Release|Any CPU.ActiveCfg = Release|Any CPU
		{81746D87-6DBA-4D8E-9512-006784FE3B9B}.Release|Any CPU.Build.0 = Release|Any CPU
		{1A8F6025-417E-488C-A06C-2B9602B30851}.Debug|Any CPU.ActiveCfg = Debug|Any CPU
		{1A8F6025-417E-488C-A06C-2B9602B30851}.Debug|Any CPU.Build.0 = Debug|Any CPU
		{1A8F6025-417E-488C-A06C-2B9602B30851}.Release|Any CPU.ActiveCfg = Release|Any CPU
		{1A8F6025-417E-488C-A06C-2B9602B30851}.Release|Any CPU.Build.0 = Release|Any CPU
		{034D4F33-1F66-4E38-A7EE-D8FD958A80D3}.Debug|Any CPU.ActiveCfg = Debug|Any CPU
		{034D4F33-1F66-4E38-A7EE-D8FD958A80D3}.Debug|Any CPU.Build.0 = Debug|Any CPU
		{034D4F33-1F66-4E38-A7EE-D8FD958A80D3}.Release|Any CPU.ActiveCfg = Release|Any CPU
		{034D4F33-1F66-4E38-A7EE-D8FD958A80D3}.Release|Any CPU.Build.0 = Release|Any CPU
		{3FD3DB81-BD2B-4FF1-9CB8-F08927BB3912}.Debug|Any CPU.ActiveCfg = Debug|Any CPU
		{3FD3DB81-BD2B-4FF1-9CB8-F08927BB3912}.Debug|Any CPU.Build.0 = Debug|Any CPU
		{3FD3DB81-BD2B-4FF1-9CB8-F08927BB3912}.Release|Any CPU.ActiveCfg = Release|Any CPU
		{3FD3DB81-BD2B-4FF1-9CB8-F08927BB3912}.Release|Any CPU.Build.0 = Release|Any CPU
		{1686EE52-2C70-4EFE-89C2-F26C80DC25D1}.Debug|Any CPU.ActiveCfg = Debug|Any CPU
		{1686EE52-2C70-4EFE-89C2-F26C80DC25D1}.Debug|Any CPU.Build.0 = Debug|Any CPU
		{1686EE52-2C70-4EFE-89C2-F26C80DC25D1}.Release|Any CPU.ActiveCfg = Release|Any CPU
		{1686EE52-2C70-4EFE-89C2-F26C80DC25D1}.Release|Any CPU.Build.0 = Release|Any CPU
		{13FF23E0-913B-40FB-87CB-A343D09E893C}.Debug|Any CPU.ActiveCfg = Debug|Any CPU
		{13FF23E0-913B-40FB-87CB-A343D09E893C}.Debug|Any CPU.Build.0 = Debug|Any CPU
		{13FF23E0-913B-40FB-87CB-A343D09E893C}.Release|Any CPU.ActiveCfg = Release|Any CPU
		{13FF23E0-913B-40FB-87CB-A343D09E893C}.Release|Any CPU.Build.0 = Release|Any CPU
		{83425574-43A2-4EEC-AE06-40F2C553C719}.Debug|Any CPU.ActiveCfg = Debug|Any CPU
		{83425574-43A2-4EEC-AE06-40F2C553C719}.Debug|Any CPU.Build.0 = Debug|Any CPU
		{83425574-43A2-4EEC-AE06-40F2C553C719}.Release|Any CPU.ActiveCfg = Release|Any CPU
		{83425574-43A2-4EEC-AE06-40F2C553C719}.Release|Any CPU.Build.0 = Release|Any CPU
	EndGlobalSection
	GlobalSection(SolutionProperties) = preSolution
		HideSolutionNode = FALSE
	EndGlobalSection
EndGlobal
