
Microsoft Visual Studio Solution File, Format Version 12.00
# Visual Studio Version 17
VisualStudioVersion = 17.12.35707.178 d17.12
MinimumVisualStudioVersion = 10.0.40219.1
Project("{FAE04EC0-301F-11D3-BF4B-00C04F79EFBC}") = "Arrays - DS", "Arrays - DS\Arrays - DS.csproj", "{CEAFD83D-165B-4E0D-A66E-3E82D00240CF}"
EndProject
Project("{FAE04EC0-301F-11D3-BF4B-00C04F79EFBC}") = "2D Array - DS", "2D Array - DS\2D Array - DS.csproj", "{8FCE82FF-E197-4375-957C-E2F6420C2E42}"
EndProject
Project("{FAE04EC0-301F-11D3-BF4B-00C04F79EFBC}") = "Dynamic Array", "Dynamic Array\Dynamic Array.csproj", "{4A1D9CEF-7B73-4C1E-A17D-4EEA89FBC55F}"
EndProject
Project("{FAE04EC0-301F-11D3-BF4B-00C04F79EFBC}") = "Left Rotation", "Left Rotation\Left Rotation.csproj", "{747B711D-3BA2-4473-B1C2-14C9C49788B8}"
EndProject
Project("{FAE04EC0-301F-11D3-BF4B-00C04F79EFBC}") = "Sparse Arrays", "Sparse Arrays\Sparse Arrays.csproj", "{B30191FC-9B6D-4FFF-9724-26AC3193752A}"
EndProject
Project("{FAE04EC0-301F-11D3-BF4B-00C04F79EFBC}") = "Array Manipulation", "Array Manipulation\Array Manipulation.csproj", "{A1203975-8E7A-4CAB-8DD8-F6D07910AE7B}"
EndProject
Global
	GlobalSection(SolutionConfigurationPlatforms) = preSolution
		Debug|Any CPU = Debug|Any CPU
		Release|Any CPU = Release|Any CPU
	EndGlobalSection
	GlobalSection(ProjectConfigurationPlatforms) = postSolution
		{CEAFD83D-165B-4E0D-A66E-3E82D00240CF}.Debug|Any CPU.ActiveCfg = Debug|Any CPU
		{CEAFD83D-165B-4E0D-A66E-3E82D00240CF}.Debug|Any CPU.Build.0 = Debug|Any CPU
		{CEAFD83D-165B-4E0D-A66E-3E82D00240CF}.Release|Any CPU.ActiveCfg = Release|Any CPU
		{CEAFD83D-165B-4E0D-A66E-3E82D00240CF}.Release|Any CPU.Build.0 = Release|Any CPU
		{8FCE82FF-E197-4375-957C-E2F6420C2E42}.Debug|Any CPU.ActiveCfg = Debug|Any CPU
		{8FCE82FF-E197-4375-957C-E2F6420C2E42}.Debug|Any CPU.Build.0 = Debug|Any CPU
		{8FCE82FF-E197-4375-957C-E2F6420C2E42}.Release|Any CPU.ActiveCfg = Release|Any CPU
		{8FCE82FF-E197-4375-957C-E2F6420C2E42}.Release|Any CPU.Build.0 = Release|Any CPU
		{4A1D9CEF-7B73-4C1E-A17D-4EEA89FBC55F}.Debug|Any CPU.ActiveCfg = Debug|Any CPU
		{4A1D9CEF-7B73-4C1E-A17D-4EEA89FBC55F}.Debug|Any CPU.Build.0 = Debug|Any CPU
		{4A1D9CEF-7B73-4C1E-A17D-4EEA89FBC55F}.Release|Any CPU.ActiveCfg = Release|Any CPU
		{4A1D9CEF-7B73-4C1E-A17D-4EEA89FBC55F}.Release|Any CPU.Build.0 = Release|Any CPU
		{747B711D-3BA2-4473-B1C2-14C9C49788B8}.Debug|Any CPU.ActiveCfg = Debug|Any CPU
		{747B711D-3BA2-4473-B1C2-14C9C49788B8}.Debug|Any CPU.Build.0 = Debug|Any CPU
		{747B711D-3BA2-4473-B1C2-14C9C49788B8}.Release|Any CPU.ActiveCfg = Release|Any CPU
		{747B711D-3BA2-4473-B1C2-14C9C49788B8}.Release|Any CPU.Build.0 = Release|Any CPU
		{B30191FC-9B6D-4FFF-9724-26AC3193752A}.Debug|Any CPU.ActiveCfg = Debug|Any CPU
		{B30191FC-9B6D-4FFF-9724-26AC3193752A}.Debug|Any CPU.Build.0 = Debug|Any CPU
		{B30191FC-9B6D-4FFF-9724-26AC3193752A}.Release|Any CPU.ActiveCfg = Release|Any CPU
		{B30191FC-9B6D-4FFF-9724-26AC3193752A}.Release|Any CPU.Build.0 = Release|Any CPU
		{A1203975-8E7A-4CAB-8DD8-F6D07910AE7B}.Debug|Any CPU.ActiveCfg = Debug|Any CPU
		{A1203975-8E7A-4CAB-8DD8-F6D07910AE7B}.Debug|Any CPU.Build.0 = Debug|Any CPU
		{A1203975-8E7A-4CAB-8DD8-F6D07910AE7B}.Release|Any CPU.ActiveCfg = Release|Any CPU
		{A1203975-8E7A-4CAB-8DD8-F6D07910AE7B}.Release|Any CPU.Build.0 = Release|Any CPU
	EndGlobalSection
	GlobalSection(SolutionProperties) = preSolution
		HideSolutionNode = FALSE
	EndGlobalSection
EndGlobal
